<?xml version="1.0" encoding="UTF-8"?>
<CodeBlocks_project_file>
	<FileVersion major="1" minor="6"/>
	<Project>
		<Option title="zestaw1"/>
		<Option makefile_is_custom="1"/>
		<Option compiler="gcc"/>
		<Option virtualFolders="CMake Files\;"/>
		<Build>
			<Target title="all">
				<Option working_dir="/home/vetch/Workspace/Cpp/SysOpy"/>
				<Option type="4"/>
				<MakeCommands>
					<Build command="/usr/bin/make -f &quot;/home/vetch/Workspace/Cpp/SysOpy/Makefile&quot;  VERBOSE=1 all"/>
					<CompileFile command="/usr/bin/make -f &quot;/home/vetch/Workspace/Cpp/SysOpy/Makefile&quot;  VERBOSE=1 &quot;$file&quot;"/>
					<Clean command="/usr/bin/make -f &quot;/home/vetch/Workspace/Cpp/SysOpy/Makefile&quot;  VERBOSE=1 clean"/>
					<DistClean command="/usr/bin/make -f &quot;/home/vetch/Workspace/Cpp/SysOpy/Makefile&quot;  VERBOSE=1 clean"/>
				</MakeCommands>
			</Target>
			<Target title="rebuild_cache">
				<Option working_dir="/home/vetch/Workspace/Cpp/SysOpy"/>
				<Option type="4"/>
				<MakeCommands>
					<Build command="/usr/bin/make -f &quot;/home/vetch/Workspace/Cpp/SysOpy/Makefile&quot;  VERBOSE=1 rebuild_cache"/>
					<CompileFile command="/usr/bin/make -f &quot;/home/vetch/Workspace/Cpp/SysOpy/Makefile&quot;  VERBOSE=1 &quot;$file&quot;"/>
					<Clean command="/usr/bin/make -f &quot;/home/vetch/Workspace/Cpp/SysOpy/Makefile&quot;  VERBOSE=1 clean"/>
					<DistClean command="/usr/bin/make -f &quot;/home/vetch/Workspace/Cpp/SysOpy/Makefile&quot;  VERBOSE=1 clean"/>
				</MakeCommands>
			</Target>
			<Target title="shared">
				<Option output="/home/vetch/Workspace/Cpp/SysOpy/shared" prefix_auto="0" extension_auto="0"/>
				<Option working_dir="/home/vetch/Workspace/Cpp/SysOpy"/>
				<Option object_output="./"/>
				<Option type="1"/>
				<Option compiler="gcc"/>
				<Compiler/>
				<MakeCommands>
					<Build command="/usr/bin/make -f &quot;/home/vetch/Workspace/Cpp/SysOpy/Makefile&quot;  VERBOSE=1 shared"/>
					<CompileFile command="/usr/bin/make -f &quot;/home/vetch/Workspace/Cpp/SysOpy/Makefile&quot;  VERBOSE=1 &quot;$file&quot;"/>
					<Clean command="/usr/bin/make -f &quot;/home/vetch/Workspace/Cpp/SysOpy/Makefile&quot;  VERBOSE=1 clean"/>
					<DistClean command="/usr/bin/make -f &quot;/home/vetch/Workspace/Cpp/SysOpy/Makefile&quot;  VERBOSE=1 clean"/>
				</MakeCommands>
			</Target>
			<Target title="shared/fast">
				<Option output="/home/vetch/Workspace/Cpp/SysOpy/shared" prefix_auto="0" extension_auto="0"/>
				<Option working_dir="/home/vetch/Workspace/Cpp/SysOpy"/>
				<Option object_output="./"/>
				<Option type="1"/>
				<Option compiler="gcc"/>
				<Compiler/>
				<MakeCommands>
					<Build command="/usr/bin/make -f &quot;/home/vetch/Workspace/Cpp/SysOpy/Makefile&quot;  VERBOSE=1 shared/fast"/>
					<CompileFile command="/usr/bin/make -f &quot;/home/vetch/Workspace/Cpp/SysOpy/Makefile&quot;  VERBOSE=1 &quot;$file&quot;"/>
					<Clean command="/usr/bin/make -f &quot;/home/vetch/Workspace/Cpp/SysOpy/Makefile&quot;  VERBOSE=1 clean"/>
					<DistClean command="/usr/bin/make -f &quot;/home/vetch/Workspace/Cpp/SysOpy/Makefile&quot;  VERBOSE=1 clean"/>
				</MakeCommands>
			</Target>
			<Target title="edit_cache">
				<Option working_dir="/home/vetch/Workspace/Cpp/SysOpy"/>
				<Option type="4"/>
				<MakeCommands>
					<Build command="/usr/bin/make -f &quot;/home/vetch/Workspace/Cpp/SysOpy/Makefile&quot;  VERBOSE=1 edit_cache"/>
					<CompileFile command="/usr/bin/make -f &quot;/home/vetch/Workspace/Cpp/SysOpy/Makefile&quot;  VERBOSE=1 &quot;$file&quot;"/>
					<Clean command="/usr/bin/make -f &quot;/home/vetch/Workspace/Cpp/SysOpy/Makefile&quot;  VERBOSE=1 clean"/>
					<DistClean command="/usr/bin/make -f &quot;/home/vetch/Workspace/Cpp/SysOpy/Makefile&quot;  VERBOSE=1 clean"/>
				</MakeCommands>
			</Target>
			<Target title="dynamic">
				<Option output="/home/vetch/Workspace/Cpp/SysOpy/dynamic" prefix_auto="0" extension_auto="0"/>
				<Option working_dir="/home/vetch/Workspace/Cpp/SysOpy"/>
				<Option object_output="./"/>
				<Option type="1"/>
				<Option compiler="gcc"/>
				<Compiler/>
				<MakeCommands>
					<Build command="/usr/bin/make -f &quot;/home/vetch/Workspace/Cpp/SysOpy/Makefile&quot;  VERBOSE=1 dynamic"/>
					<CompileFile command="/usr/bin/make -f &quot;/home/vetch/Workspace/Cpp/SysOpy/Makefile&quot;  VERBOSE=1 &quot;$file&quot;"/>
					<Clean command="/usr/bin/make -f &quot;/home/vetch/Workspace/Cpp/SysOpy/Makefile&quot;  VERBOSE=1 clean"/>
					<DistClean command="/usr/bin/make -f &quot;/home/vetch/Workspace/Cpp/SysOpy/Makefile&quot;  VERBOSE=1 clean"/>
				</MakeCommands>
			</Target>
			<Target title="dynamic/fast">
				<Option output="/home/vetch/Workspace/Cpp/SysOpy/dynamic" prefix_auto="0" extension_auto="0"/>
				<Option working_dir="/home/vetch/Workspace/Cpp/SysOpy"/>
				<Option object_output="./"/>
				<Option type="1"/>
				<Option compiler="gcc"/>
				<Compiler/>
				<MakeCommands>
					<Build command="/usr/bin/make -f &quot;/home/vetch/Workspace/Cpp/SysOpy/Makefile&quot;  VERBOSE=1 dynamic/fast"/>
					<CompileFile command="/usr/bin/make -f &quot;/home/vetch/Workspace/Cpp/SysOpy/Makefile&quot;  VERBOSE=1 &quot;$file&quot;"/>
					<Clean command="/usr/bin/make -f &quot;/home/vetch/Workspace/Cpp/SysOpy/Makefile&quot;  VERBOSE=1 clean"/>
					<DistClean command="/usr/bin/make -f &quot;/home/vetch/Workspace/Cpp/SysOpy/Makefile&quot;  VERBOSE=1 clean"/>
				</MakeCommands>
			</Target>
			<Target title="dll">
				<Option output="/home/vetch/Workspace/Cpp/SysOpy/libdll.so" prefix_auto="0" extension_auto="0"/>
				<Option working_dir="/home/vetch/Workspace/Cpp/SysOpy"/>
				<Option object_output="./"/>
				<Option type="3"/>
				<Option compiler="gcc"/>
				<Compiler/>
				<MakeCommands>
					<Build command="/usr/bin/make -f &quot;/home/vetch/Workspace/Cpp/SysOpy/Makefile&quot;  VERBOSE=1 dll"/>
					<CompileFile command="/usr/bin/make -f &quot;/home/vetch/Workspace/Cpp/SysOpy/Makefile&quot;  VERBOSE=1 &quot;$file&quot;"/>
					<Clean command="/usr/bin/make -f &quot;/home/vetch/Workspace/Cpp/SysOpy/Makefile&quot;  VERBOSE=1 clean"/>
					<DistClean command="/usr/bin/make -f &quot;/home/vetch/Workspace/Cpp/SysOpy/Makefile&quot;  VERBOSE=1 clean"/>
				</MakeCommands>
			</Target>
			<Target title="dll/fast">
				<Option output="/home/vetch/Workspace/Cpp/SysOpy/libdll.so" prefix_auto="0" extension_auto="0"/>
				<Option working_dir="/home/vetch/Workspace/Cpp/SysOpy"/>
				<Option object_output="./"/>
				<Option type="3"/>
				<Option compiler="gcc"/>
				<Compiler/>
				<MakeCommands>
					<Build command="/usr/bin/make -f &quot;/home/vetch/Workspace/Cpp/SysOpy/Makefile&quot;  VERBOSE=1 dll/fast"/>
					<CompileFile command="/usr/bin/make -f &quot;/home/vetch/Workspace/Cpp/SysOpy/Makefile&quot;  VERBOSE=1 &quot;$file&quot;"/>
					<Clean command="/usr/bin/make -f &quot;/home/vetch/Workspace/Cpp/SysOpy/Makefile&quot;  VERBOSE=1 clean"/>
					<DistClean command="/usr/bin/make -f &quot;/home/vetch/Workspace/Cpp/SysOpy/Makefile&quot;  VERBOSE=1 clean"/>
				</MakeCommands>
			</Target>
			<Target title="static">
				<Option output="/home/vetch/Workspace/Cpp/SysOpy/static" prefix_auto="0" extension_auto="0"/>
				<Option working_dir="/home/vetch/Workspace/Cpp/SysOpy"/>
				<Option object_output="./"/>
				<Option type="1"/>
				<Option compiler="gcc"/>
				<Compiler/>
				<MakeCommands>
					<Build command="/usr/bin/make -f &quot;/home/vetch/Workspace/Cpp/SysOpy/Makefile&quot;  VERBOSE=1 static"/>
					<CompileFile command="/usr/bin/make -f &quot;/home/vetch/Workspace/Cpp/SysOpy/Makefile&quot;  VERBOSE=1 &quot;$file&quot;"/>
					<Clean command="/usr/bin/make -f &quot;/home/vetch/Workspace/Cpp/SysOpy/Makefile&quot;  VERBOSE=1 clean"/>
					<DistClean command="/usr/bin/make -f &quot;/home/vetch/Workspace/Cpp/SysOpy/Makefile&quot;  VERBOSE=1 clean"/>
				</MakeCommands>
			</Target>
			<Target title="static/fast">
				<Option output="/home/vetch/Workspace/Cpp/SysOpy/static" prefix_auto="0" extension_auto="0"/>
				<Option working_dir="/home/vetch/Workspace/Cpp/SysOpy"/>
				<Option object_output="./"/>
				<Option type="1"/>
				<Option compiler="gcc"/>
				<Compiler/>
				<MakeCommands>
					<Build command="/usr/bin/make -f &quot;/home/vetch/Workspace/Cpp/SysOpy/Makefile&quot;  VERBOSE=1 static/fast"/>
					<CompileFile command="/usr/bin/make -f &quot;/home/vetch/Workspace/Cpp/SysOpy/Makefile&quot;  VERBOSE=1 &quot;$file&quot;"/>
					<Clean command="/usr/bin/make -f &quot;/home/vetch/Workspace/Cpp/SysOpy/Makefile&quot;  VERBOSE=1 clean"/>
					<DistClean command="/usr/bin/make -f &quot;/home/vetch/Workspace/Cpp/SysOpy/Makefile&quot;  VERBOSE=1 clean"/>
				</MakeCommands>
			</Target>
			<Target title="static_find">
				<Option output="/home/vetch/Workspace/Cpp/SysOpy/libstatic_find.a" prefix_auto="0" extension_auto="0"/>
				<Option working_dir="/home/vetch/Workspace/Cpp/SysOpy"/>
				<Option object_output="./"/>
				<Option type="2"/>
				<Option compiler="gcc"/>
				<Compiler/>
				<MakeCommands>
					<Build command="/usr/bin/make -f &quot;/home/vetch/Workspace/Cpp/SysOpy/Makefile&quot;  VERBOSE=1 static_find"/>
					<CompileFile command="/usr/bin/make -f &quot;/home/vetch/Workspace/Cpp/SysOpy/Makefile&quot;  VERBOSE=1 &quot;$file&quot;"/>
					<Clean command="/usr/bin/make -f &quot;/home/vetch/Workspace/Cpp/SysOpy/Makefile&quot;  VERBOSE=1 clean"/>
					<DistClean command="/usr/bin/make -f &quot;/home/vetch/Workspace/Cpp/SysOpy/Makefile&quot;  VERBOSE=1 clean"/>
				</MakeCommands>
			</Target>
			<Target title="static_find/fast">
				<Option output="/home/vetch/Workspace/Cpp/SysOpy/libstatic_find.a" prefix_auto="0" extension_auto="0"/>
				<Option working_dir="/home/vetch/Workspace/Cpp/SysOpy"/>
				<Option object_output="./"/>
				<Option type="2"/>
				<Option compiler="gcc"/>
				<Compiler/>
				<MakeCommands>
					<Build command="/usr/bin/make -f &quot;/home/vetch/Workspace/Cpp/SysOpy/Makefile&quot;  VERBOSE=1 static_find/fast"/>
					<CompileFile command="/usr/bin/make -f &quot;/home/vetch/Workspace/Cpp/SysOpy/Makefile&quot;  VERBOSE=1 &quot;$file&quot;"/>
					<Clean command="/usr/bin/make -f &quot;/home/vetch/Workspace/Cpp/SysOpy/Makefile&quot;  VERBOSE=1 clean"/>
					<DistClean command="/usr/bin/make -f &quot;/home/vetch/Workspace/Cpp/SysOpy/Makefile&quot;  VERBOSE=1 clean"/>
				</MakeCommands>
			</Target>
			<Target title="shared_find">
				<Option output="/home/vetch/Workspace/Cpp/SysOpy/libshared_find.so" prefix_auto="0" extension_auto="0"/>
				<Option working_dir="/home/vetch/Workspace/Cpp/SysOpy"/>
				<Option object_output="./"/>
				<Option type="3"/>
				<Option compiler="gcc"/>
				<Compiler/>
				<MakeCommands>
					<Build command="/usr/bin/make -f &quot;/home/vetch/Workspace/Cpp/SysOpy/Makefile&quot;  VERBOSE=1 shared_find"/>
					<CompileFile command="/usr/bin/make -f &quot;/home/vetch/Workspace/Cpp/SysOpy/Makefile&quot;  VERBOSE=1 &quot;$file&quot;"/>
					<Clean command="/usr/bin/make -f &quot;/home/vetch/Workspace/Cpp/SysOpy/Makefile&quot;  VERBOSE=1 clean"/>
					<DistClean command="/usr/bin/make -f &quot;/home/vetch/Workspace/Cpp/SysOpy/Makefile&quot;  VERBOSE=1 clean"/>
				</MakeCommands>
			</Target>
			<Target title="shared_find/fast">
				<Option output="/home/vetch/Workspace/Cpp/SysOpy/libshared_find.so" prefix_auto="0" extension_auto="0"/>
				<Option working_dir="/home/vetch/Workspace/Cpp/SysOpy"/>
				<Option object_output="./"/>
				<Option type="3"/>
				<Option compiler="gcc"/>
				<Compiler/>
				<MakeCommands>
					<Build command="/usr/bin/make -f &quot;/home/vetch/Workspace/Cpp/SysOpy/Makefile&quot;  VERBOSE=1 shared_find/fast"/>
					<CompileFile command="/usr/bin/make -f &quot;/home/vetch/Workspace/Cpp/SysOpy/Makefile&quot;  VERBOSE=1 &quot;$file&quot;"/>
					<Clean command="/usr/bin/make -f &quot;/home/vetch/Workspace/Cpp/SysOpy/Makefile&quot;  VERBOSE=1 clean"/>
					<DistClean command="/usr/bin/make -f &quot;/home/vetch/Workspace/Cpp/SysOpy/Makefile&quot;  VERBOSE=1 clean"/>
				</MakeCommands>
			</Target>
		</Build>
		<Unit filename="/home/vetch/Workspace/Cpp/SysOpy/zad1/lib.c">
			<Option target="static_find"/>
			<Option target="shared_find"/>
		</Unit>
		<Unit filename="/home/vetch/Workspace/Cpp/SysOpy/zad1/lib.h">
			<Option target="static_find"/>
			<Option target="shared_find"/>
		</Unit>
		<Unit filename="/home/vetch/Workspace/Cpp/SysOpy/zad2/main.c">
			<Option target="shared"/>
			<Option target="dynamic"/>
			<Option target="static"/>
		</Unit>
		<Unit filename="/home/vetch/Workspace/Cpp/SysOpy/zad3a/libdll.c">
			<Option target="dll"/>
		</Unit>
		<Unit filename="/home/vetch/Workspace/Cpp/SysOpy/zad3a/libdll.h">
			<Option target="dll"/>
		</Unit>
		<Unit filename="/home/vetch/Workspace/Cpp/SysOpy/CMakeLists.txt">
			<Option virtualFolder="CMake Files\"/>
		</Unit>
	</Project>
</CodeBlocks_project_file>
